
Microsoft Visual Studio Solution File, Format Version 12.00
# Visual Studio Version 16
VisualStudioVersion = 16.0.30114.105
MinimumVisualStudioVersion = 10.0.40219.1
Project("{FAE04EC0-301F-11D3-BF4B-00C04F79EFBC}") = "main", "main\main.csproj", "{9DFFAFD2-0FA5-4560-A6C8-A5BD705F1612}"
EndProject
Project("{FAE04EC0-301F-11D3-BF4B-00C04F79EFBC}") = "DAL", "DAL\DAL.csproj", "{70ABDDDE-05E2-4684-8E1B-0493A8EC6A6B}"
EndProject
Global
	GlobalSection(SolutionConfigurationPlatforms) = preSolution
		Debug|Any CPU = Debug|Any CPU
		Release|Any CPU = Release|Any CPU
	EndGlobalSection
	GlobalSection(SolutionProperties) = preSolution
		HideSolutionNode = FALSE
	EndGlobalSection
	GlobalSection(ProjectConfigurationPlatforms) = postSolution
		{9DFFAFD2-0FA5-4560-A6C8-A5BD705F1612}.Debug|Any CPU.ActiveCfg = Debug|Any CPU
		{9DFFAFD2-0FA5-4560-A6C8-A5BD705F1612}.Debug|Any CPU.Build.0 = Debug|Any CPU
		{9DFFAFD2-0FA5-4560-A6C8-A5BD705F1612}.Release|Any CPU.ActiveCfg = Release|Any CPU
		{9DFFAFD2-0FA5-4560-A6C8-A5BD705F1612}.Release|Any CPU.Build.0 = Release|Any CPU
		{70ABDDDE-05E2-4684-8E1B-0493A8EC6A6B}.Debug|Any CPU.ActiveCfg = Debug|Any CPU
		{70ABDDDE-05E2-4684-8E1B-0493A8EC6A6B}.Debug|Any CPU.Build.0 = Debug|Any CPU
		{70ABDDDE-05E2-4684-8E1B-0493A8EC6A6B}.Release|Any CPU.ActiveCfg = Release|Any CPU
		{70ABDDDE-05E2-4684-8E1B-0493A8EC6A6B}.Release|Any CPU.Build.0 = Release|Any CPU
	EndGlobalSection
EndGlobal
